// !$*UTF8*$!
{
	archiveVersion = 1;
	classes = {
	};
	objectVersion = 46;
	objects = {

/* Begin PBXBuildFile section */
		200C7DD81EC52A3D008C42C4 /* AppDelegate.swift in Sources */ = {isa = PBXBuildFile; fileRef = 200C7DD71EC52A3D008C42C4 /* AppDelegate.swift */; };
		200C7DDD1EC52A3D008C42C4 /* Main.storyboard in Resources */ = {isa = PBXBuildFile; fileRef = 200C7DDB1EC52A3D008C42C4 /* Main.storyboard */; };
		200C7DE01EC52A3D008C42C4 /* Traveler.xcdatamodeld in Sources */ = {isa = PBXBuildFile; fileRef = 200C7DDE1EC52A3D008C42C4 /* Traveler.xcdatamodeld */; };
		200C7DE21EC52A3D008C42C4 /* Assets.xcassets in Resources */ = {isa = PBXBuildFile; fileRef = 200C7DE11EC52A3D008C42C4 /* Assets.xcassets */; };
		200C7DE51EC52A3D008C42C4 /* LaunchScreen.storyboard in Resources */ = {isa = PBXBuildFile; fileRef = 200C7DE31EC52A3D008C42C4 /* LaunchScreen.storyboard */; };
		200C7DED1EC53078008C42C4 /* flickrClient.swift in Sources */ = {isa = PBXBuildFile; fileRef = 200C7DEC1EC53078008C42C4 /* flickrClient.swift */; };
		200C7DF31EC531AB008C42C4 /* Constants.swift in Sources */ = {isa = PBXBuildFile; fileRef = 200C7DF21EC531AB008C42C4 /* Constants.swift */; };
		201DEEA41F5A432300A506BA /* TravelerDatabase.swift in Sources */ = {isa = PBXBuildFile; fileRef = 201DEEA31F5A432300A506BA /* TravelerDatabase.swift */; };
		202D54EC1F689E1700468F74 /* AlbumVC Helpers.swift in Sources */ = {isa = PBXBuildFile; fileRef = 202D54EB1F689E1700468F74 /* AlbumVC Helpers.swift */; };
		205CEE5A1ECA244C008B32E5 /* MapKit.framework in Frameworks */ = {isa = PBXBuildFile; fileRef = 205CEE591ECA244C008B32E5 /* MapKit.framework */; settings = {ATTRIBUTES = (Required, ); }; };
		205CEE5C1ECA429E008B32E5 /* AlbumViewController.swift in Sources */ = {isa = PBXBuildFile; fileRef = 205CEE5B1ECA429E008B32E5 /* AlbumViewController.swift */; };
		206135721EC697B20071FF17 /* ErrorHandling.swift in Sources */ = {isa = PBXBuildFile; fileRef = 206135711EC697B20071FF17 /* ErrorHandling.swift */; };
		20B2D9931ECA857A00C97A32 /* PinAnnotation.swift in Sources */ = {isa = PBXBuildFile; fileRef = 20B2D9921ECA857A00C97A32 /* PinAnnotation.swift */; };
		20BE4B5A1EC7DB9800EA57B0 /* TravelMapViewController.swift in Sources */ = {isa = PBXBuildFile; fileRef = 20BE4B591EC7DB9800EA57B0 /* TravelMapViewController.swift */; };
		20C18A7D1ED358AB00251389 /* AlbumCollectionCell.swift in Sources */ = {isa = PBXBuildFile; fileRef = 20C18A7C1ED358AB00251389 /* AlbumCollectionCell.swift */; };
		20CCED5D1EC6915F00B2C77C /* TravelerSingleton.swift in Sources */ = {isa = PBXBuildFile; fileRef = 20CCED5C1EC6915F00B2C77C /* TravelerSingleton.swift */; };
		20FB0A4D1ECBDF630080BABF /* Animations.swift in Sources */ = {isa = PBXBuildFile; fileRef = 20FB0A4C1ECBDF630080BABF /* Animations.swift */; };
/* End PBXBuildFile section */

/* Begin PBXFileReference section */
		200C7DD41EC52A3D008C42C4 /* Traveler.app */ = {isa = PBXFileReference; explicitFileType = wrapper.application; includeInIndex = 0; path = Traveler.app; sourceTree = BUILT_PRODUCTS_DIR; };
		200C7DD71EC52A3D008C42C4 /* AppDelegate.swift */ = {isa = PBXFileReference; lastKnownFileType = sourcecode.swift; path = AppDelegate.swift; sourceTree = "<group>"; };
		200C7DDC1EC52A3D008C42C4 /* Base */ = {isa = PBXFileReference; lastKnownFileType = file.storyboard; name = Base; path = Base.lproj/Main.storyboard; sourceTree = "<group>"; };
		200C7DDF1EC52A3D008C42C4 /* Traveler.xcdatamodel */ = {isa = PBXFileReference; lastKnownFileType = wrapper.xcdatamodel; path = Traveler.xcdatamodel; sourceTree = "<group>"; };
		200C7DE11EC52A3D008C42C4 /* Assets.xcassets */ = {isa = PBXFileReference; lastKnownFileType = folder.assetcatalog; path = Assets.xcassets; sourceTree = "<group>"; };
		200C7DE41EC52A3D008C42C4 /* Base */ = {isa = PBXFileReference; lastKnownFileType = file.storyboard; name = Base; path = Base.lproj/LaunchScreen.storyboard; sourceTree = "<group>"; };
		200C7DE61EC52A3D008C42C4 /* Info.plist */ = {isa = PBXFileReference; lastKnownFileType = text.plist.xml; path = Info.plist; sourceTree = "<group>"; };
		200C7DEC1EC53078008C42C4 /* flickrClient.swift */ = {isa = PBXFileReference; fileEncoding = 4; lastKnownFileType = sourcecode.swift; path = flickrClient.swift; sourceTree = "<group>"; };
		200C7DF21EC531AB008C42C4 /* Constants.swift */ = {isa = PBXFileReference; fileEncoding = 4; lastKnownFileType = sourcecode.swift; path = Constants.swift; sourceTree = "<group>"; };
		201DEEA31F5A432300A506BA /* TravelerDatabase.swift */ = {isa = PBXFileReference; fileEncoding = 4; lastKnownFileType = sourcecode.swift; path = TravelerDatabase.swift; sourceTree = "<group>"; };
		202D54EB1F689E1700468F74 /* AlbumVC Helpers.swift */ = {isa = PBXFileReference; fileEncoding = 4; lastKnownFileType = sourcecode.swift; path = "AlbumVC Helpers.swift"; sourceTree = "<group>"; };
		205CEE591ECA244C008B32E5 /* MapKit.framework */ = {isa = PBXFileReference; lastKnownFileType = wrapper.framework; name = MapKit.framework; path = System/Library/Frameworks/MapKit.framework; sourceTree = SDKROOT; };
		205CEE5B1ECA429E008B32E5 /* AlbumViewController.swift */ = {isa = PBXFileReference; fileEncoding = 4; lastKnownFileType = sourcecode.swift; path = AlbumViewController.swift; sourceTree = "<group>"; };
		206135711EC697B20071FF17 /* ErrorHandling.swift */ = {isa = PBXFileReference; fileEncoding = 4; lastKnownFileType = sourcecode.swift; path = ErrorHandling.swift; sourceTree = "<group>"; };
		20B2D9921ECA857A00C97A32 /* PinAnnotation.swift */ = {isa = PBXFileReference; fileEncoding = 4; lastKnownFileType = sourcecode.swift; path = PinAnnotation.swift; sourceTree = "<group>"; };
		20BE4B591EC7DB9800EA57B0 /* TravelMapViewController.swift */ = {isa = PBXFileReference; fileEncoding = 4; lastKnownFileType = sourcecode.swift; path = TravelMapViewController.swift; sourceTree = "<group>"; };
		20C18A7C1ED358AB00251389 /* AlbumCollectionCell.swift */ = {isa = PBXFileReference; fileEncoding = 4; lastKnownFileType = sourcecode.swift; path = AlbumCollectionCell.swift; sourceTree = "<group>"; };
		20CCED5C1EC6915F00B2C77C /* TravelerSingleton.swift */ = {isa = PBXFileReference; fileEncoding = 4; lastKnownFileType = sourcecode.swift; path = TravelerSingleton.swift; sourceTree = "<group>"; };
		20FB0A4C1ECBDF630080BABF /* Animations.swift */ = {isa = PBXFileReference; fileEncoding = 4; lastKnownFileType = sourcecode.swift; path = Animations.swift; sourceTree = "<group>"; };
/* End PBXFileReference section */

/* Begin PBXFrameworksBuildPhase section */
		200C7DD11EC52A3D008C42C4 /* Frameworks */ = {
			isa = PBXFrameworksBuildPhase;
			buildActionMask = 2147483647;
			files = (
				205CEE5A1ECA244C008B32E5 /* MapKit.framework in Frameworks */,
			);
			runOnlyForDeploymentPostprocessing = 0;
		};
/* End PBXFrameworksBuildPhase section */

/* Begin PBXGroup section */
		200C7DCB1EC52A3D008C42C4 = {
			isa = PBXGroup;
			children = (
				200C7DD61EC52A3D008C42C4 /* Traveler */,
				200C7DD51EC52A3D008C42C4 /* Products */,
				205CEE581ECA244C008B32E5 /* Frameworks */,
			);
			sourceTree = "<group>";
		};
		200C7DD51EC52A3D008C42C4 /* Products */ = {
			isa = PBXGroup;
			children = (
				200C7DD41EC52A3D008C42C4 /* Traveler.app */,
			);
			name = Products;
			sourceTree = "<group>";
		};
		200C7DD61EC52A3D008C42C4 /* Traveler */ = {
			isa = PBXGroup;
			children = (
				200C7DEE1EC530B0008C42C4 /* Model */,
				200C7DF11EC5312D008C42C4 /* View */,
				200C7DF01EC53118008C42C4 /* Controller */,
				200C7DEF1EC530F0008C42C4 /* Supporting */,
			);
			path = Traveler;
			sourceTree = "<group>";
		};
		200C7DEE1EC530B0008C42C4 /* Model */ = {
			isa = PBXGroup;
			children = (
				206135711EC697B20071FF17 /* ErrorHandling.swift */,
				200C7DDE1EC52A3D008C42C4 /* Traveler.xcdatamodeld */,
				200C7DEC1EC53078008C42C4 /* flickrClient.swift */,
				200C7DF21EC531AB008C42C4 /* Constants.swift */,
				20CCED5C1EC6915F00B2C77C /* TravelerSingleton.swift */,
				201DEEA31F5A432300A506BA /* TravelerDatabase.swift */,
			);
			name = Model;
			sourceTree = "<group>";
		};
		200C7DEF1EC530F0008C42C4 /* Supporting */ = {
			isa = PBXGroup;
			children = (
				200C7DDB1EC52A3D008C42C4 /* Main.storyboard */,
				200C7DE31EC52A3D008C42C4 /* LaunchScreen.storyboard */,
				200C7DE11EC52A3D008C42C4 /* Assets.xcassets */,
				200C7DE61EC52A3D008C42C4 /* Info.plist */,
				200C7DD71EC52A3D008C42C4 /* AppDelegate.swift */,
			);
			name = Supporting;
			sourceTree = "<group>";
		};
		200C7DF01EC53118008C42C4 /* Controller */ = {
			isa = PBXGroup;
			children = (
				20BE4B591EC7DB9800EA57B0 /* TravelMapViewController.swift */,
				205CEE5B1ECA429E008B32E5 /* AlbumViewController.swift */,
				202D54EB1F689E1700468F74 /* AlbumVC Helpers.swift */,
				20FB0A4C1ECBDF630080BABF /* Animations.swift */,
			);
			name = Controller;
			sourceTree = "<group>";
		};
		200C7DF11EC5312D008C42C4 /* View */ = {
			isa = PBXGroup;
			children = (
				20B2D9921ECA857A00C97A32 /* PinAnnotation.swift */,
				20C18A7C1ED358AB00251389 /* AlbumCollectionCell.swift */,
			);
			name = View;
			sourceTree = "<group>";
		};
		205CEE581ECA244C008B32E5 /* Frameworks */ = {
			isa = PBXGroup;
			children = (
				205CEE591ECA244C008B32E5 /* MapKit.framework */,
			);
			name = Frameworks;
			sourceTree = "<group>";
		};
/* End PBXGroup section */

/* Begin PBXNativeTarget section */
		200C7DD31EC52A3D008C42C4 /* Traveler */ = {
			isa = PBXNativeTarget;
			buildConfigurationList = 200C7DE91EC52A3D008C42C4 /* Build configuration list for PBXNativeTarget "Traveler" */;
			buildPhases = (
				200C7DD01EC52A3D008C42C4 /* Sources */,
				200C7DD11EC52A3D008C42C4 /* Frameworks */,
				200C7DD21EC52A3D008C42C4 /* Resources */,
			);
			buildRules = (
			);
			dependencies = (
			);
			name = Traveler;
			productName = Traveler;
			productReference = 200C7DD41EC52A3D008C42C4 /* Traveler.app */;
			productType = "com.apple.product-type.application";
		};
/* End PBXNativeTarget section */

/* Begin PBXProject section */
		200C7DCC1EC52A3D008C42C4 /* Project object */ = {
			isa = PBXProject;
			attributes = {
				LastSwiftUpdateCheck = 0830;
				LastUpgradeCheck = 0830;
				ORGANIZATIONNAME = "Stephen Martinez";
				TargetAttributes = {
					200C7DD31EC52A3D008C42C4 = {
						CreatedOnToolsVersion = 8.3.2;
						DevelopmentTeam = P6Y8F6EN66;
						ProvisioningStyle = Automatic;
						SystemCapabilities = {
							com.apple.Maps.iOS = {
								enabled = 1;
							};
						};
					};
				};
			};
			buildConfigurationList = 200C7DCF1EC52A3D008C42C4 /* Build configuration list for PBXProject "Traveler" */;
			compatibilityVersion = "Xcode 3.2";
			developmentRegion = English;
			hasScannedForEncodings = 0;
			knownRegions = (
				en,
				Base,
			);
			mainGroup = 200C7DCB1EC52A3D008C42C4;
			productRefGroup = 200C7DD51EC52A3D008C42C4 /* Products */;
			projectDirPath = "";
			projectRoot = "";
			targets = (
				200C7DD31EC52A3D008C42C4 /* Traveler */,
			);
		};
/* End PBXProject section */

/* Begin PBXResourcesBuildPhase section */
		200C7DD21EC52A3D008C42C4 /* Resources */ = {
			isa = PBXResourcesBuildPhase;
			buildActionMask = 2147483647;
			files = (
				200C7DE51EC52A3D008C42C4 /* LaunchScreen.storyboard in Resources */,
				200C7DE21EC52A3D008C42C4 /* Assets.xcassets in Resources */,
				200C7DDD1EC52A3D008C42C4 /* Main.storyboard in Resources */,
			);
			runOnlyForDeploymentPostprocessing = 0;
		};
/* End PBXResourcesBuildPhase section */

/* Begin PBXSourcesBuildPhase section */
		200C7DD01EC52A3D008C42C4 /* Sources */ = {
			isa = PBXSourcesBuildPhase;
			buildActionMask = 2147483647;
			files = (
				20CCED5D1EC6915F00B2C77C /* TravelerSingleton.swift in Sources */,
				200C7DF31EC531AB008C42C4 /* Constants.swift in Sources */,
				20C18A7D1ED358AB00251389 /* AlbumCollectionCell.swift in Sources */,
				206135721EC697B20071FF17 /* ErrorHandling.swift in Sources */,
				200C7DD81EC52A3D008C42C4 /* AppDelegate.swift in Sources */,
				205CEE5C1ECA429E008B32E5 /* AlbumViewController.swift in Sources */,
				200C7DE01EC52A3D008C42C4 /* Traveler.xcdatamodeld in Sources */,
				202D54EC1F689E1700468F74 /* AlbumVC Helpers.swift in Sources */,
				20FB0A4D1ECBDF630080BABF /* Animations.swift in Sources */,
				200C7DED1EC53078008C42C4 /* flickrClient.swift in Sources */,
				20B2D9931ECA857A00C97A32 /* PinAnnotation.swift in Sources */,
				20BE4B5A1EC7DB9800EA57B0 /* TravelMapViewController.swift in Sources */,
				201DEEA41F5A432300A506BA /* TravelerDatabase.swift in Sources */,
			);
			runOnlyForDeploymentPostprocessing = 0;
		};
/* End PBXSourcesBuildPhase section */

/* Begin PBXVariantGroup section */
		200C7DDB1EC52A3D008C42C4 /* Main.storyboard */ = {
			isa = PBXVariantGroup;
			children = (
				200C7DDC1EC52A3D008C42C4 /* Base */,
			);
			name = Main.storyboard;
			sourceTree = "<group>";
		};
		200C7DE31EC52A3D008C42C4 /* LaunchScreen.storyboard */ = {
			isa = PBXVariantGroup;
			children = (
				200C7DE41EC52A3D008C42C4 /* Base */,
			);
			name = LaunchScreen.storyboard;
			sourceTree = "<group>";
		};
/* End PBXVariantGroup section */

/* Begin XCBuildConfiguration section */
		200C7DE71EC52A3D008C42C4 /* Debug */ = {
			isa = XCBuildConfiguration;
			buildSettings = {
				ALWAYS_SEARCH_USER_PATHS = NO;
				CLANG_ANALYZER_NONNULL = YES;
				CLANG_ANALYZER_NUMBER_OBJECT_CONVERSION = YES_AGGRESSIVE;
				CLANG_CXX_LANGUAGE_STANDARD = "gnu++0x";
				CLANG_CXX_LIBRARY = "libc++";
				CLANG_ENABLE_MODULES = YES;
				CLANG_ENABLE_OBJC_ARC = YES;
				CLANG_WARN_BOOL_CONVERSION = YES;
				CLANG_WARN_CONSTANT_CONVERSION = YES;
				CLANG_WARN_DIRECT_OBJC_ISA_USAGE = YES_ERROR;
				CLANG_WARN_DOCUMENTATION_COMMENTS = YES;
				CLANG_WARN_EMPTY_BODY = YES;
				CLANG_WARN_ENUM_CONVERSION = YES;
				CLANG_WARN_INFINITE_RECURSION = YES;
				CLANG_WARN_INT_CONVERSION = YES;
				CLANG_WARN_OBJC_ROOT_CLASS = YES_ERROR;
				CLANG_WARN_SUSPICIOUS_MOVE = YES;
				CLANG_WARN_UNREACHABLE_CODE = YES;
				CLANG_WARN__DUPLICATE_METHOD_MATCH = YES;
				"CODE_SIGN_IDENTITY[sdk=iphoneos*]" = "iPhone Developer";
				COPY_PHASE_STRIP = NO;
				DEBUG_INFORMATION_FORMAT = dwarf;
				ENABLE_STRICT_OBJC_MSGSEND = YES;
				ENABLE_TESTABILITY = YES;
				GCC_C_LANGUAGE_STANDARD = gnu99;
				GCC_DYNAMIC_NO_PIC = NO;
				GCC_NO_COMMON_BLOCKS = YES;
				GCC_OPTIMIZATION_LEVEL = 0;
				GCC_PREPROCESSOR_DEFINITIONS = (
					"DEBUG=1",
					"$(inherited)",
				);
				GCC_WARN_64_TO_32_BIT_CONVERSION = YES;
				GCC_WARN_ABOUT_RETURN_TYPE = YES_ERROR;
				GCC_WARN_UNDECLARED_SELECTOR = YES;
				GCC_WARN_UNINITIALIZED_AUTOS = YES_AGGRESSIVE;
				GCC_WARN_UNUSED_FUNCTION = YES;
				GCC_WARN_UNUSED_VARIABLE = YES;
				IPHONEOS_DEPLOYMENT_TARGET = 10.3;
				MTL_ENABLE_DEBUG_INFO = YES;
				ONLY_ACTIVE_ARCH = YES;
				SDKROOT = iphoneos;
				SWIFT_ACTIVE_COMPILATION_CONDITIONS = DEBUG;
				SWIFT_OPTIMIZATION_LEVEL = "-Onone";
			};
			name = Debug;
		};
		200C7DE81EC52A3D008C42C4 /* Release */ = {
			isa = XCBuildConfiguration;
			buildSettings = {
				ALWAYS_SEARCH_USER_PATHS = NO;
				CLANG_ANALYZER_NONNULL = YES;
				CLANG_ANALYZER_NUMBER_OBJECT_CONVERSION = YES_AGGRESSIVE;
				CLANG_CXX_LANGUAGE_STANDARD = "gnu++0x";
				CLANG_CXX_LIBRARY = "libc++";
				CLANG_ENABLE_MODULES = YES;
				CLANG_ENABLE_OBJC_ARC = YES;
				CLANG_WARN_BOOL_CONVERSION = YES;
				CLANG_WARN_CONSTANT_CONVERSION = YES;
				CLANG_WARN_DIRECT_OBJC_ISA_USAGE = YES_ERROR;
				CLANG_WARN_DOCUMENTATION_COMMENTS = YES;
				CLANG_WARN_EMPTY_BODY = YES;
				CLANG_WARN_ENUM_CONVERSION = YES;
				CLANG_WARN_INFINITE_RECURSION = YES;
				CLANG_WARN_INT_CONVERSION = YES;
				CLANG_WARN_OBJC_ROOT_CLASS = YES_ERROR;
				CLANG_WARN_SUSPICIOUS_MOVE = YES;
				CLANG_WARN_UNREACHABLE_CODE = YES;
				CLANG_WARN__DUPLICATE_METHOD_MATCH = YES;
				"CODE_SIGN_IDENTITY[sdk=iphoneos*]" = "iPhone Developer";
				COPY_PHASE_STRIP = NO;
				DEBUG_INFORMATION_FORMAT = "dwarf-with-dsym";
				ENABLE_NS_ASSERTIONS = NO;
				ENABLE_STRICT_OBJC_MSGSEND = YES;
				GCC_C_LANGUAGE_STANDARD = gnu99;
				GCC_NO_COMMON_BLOCKS = YES;
				GCC_WARN_64_TO_32_BIT_CONVERSION = YES;
				GCC_WARN_ABOUT_RETURN_TYPE = YES_ERROR;
				GCC_WARN_UNDECLARED_SELECTOR = YES;
				GCC_WARN_UNINITIALIZED_AUTOS = YES_AGGRESSIVE;
				GCC_WARN_UNUSED_FUNCTION = YES;
				GCC_WARN_UNUSED_VARIABLE = YES;
				IPHONEOS_DEPLOYMENT_TARGET = 10.3;
				MTL_ENABLE_DEBUG_INFO = NO;
				SDKROOT = iphoneos;
				SWIFT_OPTIMIZATION_LEVEL = "-Owholemodule";
				VALIDATE_PRODUCT = YES;
			};
			name = Release;
		};
		200C7DEA1EC52A3D008C42C4 /* Debug */ = {
			isa = XCBuildConfiguration;
			buildSettings = {
				ASSETCATALOG_COMPILER_APPICON_NAME = AppIcon;
				DEVELOPMENT_TEAM = P6Y8F6EN66;
				INFOPLIST_FILE = Traveler/Info.plist;
				LD_RUNPATH_SEARCH_PATHS = "$(inherited) @executable_path/Frameworks";
				PRODUCT_BUNDLE_IDENTIFIER = enuance.Traveler;
				PRODUCT_NAME = "$(TARGET_NAME)";
				SWIFT_VERSION = 3.0;
			};
			name = Debug;
		};
		200C7DEB1EC52A3D008C42C4 /* Release */ = {
			isa = XCBuildConfiguration;
			buildSettings = {
				ASSETCATALOG_COMPILER_APPICON_NAME = AppIcon;
				DEVELOPMENT_TEAM = P6Y8F6EN66;
				INFOPLIST_FILE = Traveler/Info.plist;
				LD_RUNPATH_SEARCH_PATHS = "$(inherited) @executable_path/Frameworks";
				PRODUCT_BUNDLE_IDENTIFIER = enuance.Traveler;
				PRODUCT_NAME = "$(TARGET_NAME)";
				SWIFT_VERSION = 3.0;
			};
			name = Release;
		};
/* End XCBuildConfiguration section */

/* Begin XCConfigurationList section */
		200C7DCF1EC52A3D008C42C4 /* Build configuration list for PBXProject "Traveler" */ = {
			isa = XCConfigurationList;
			buildConfigurations = (
				200C7DE71EC52A3D008C42C4 /* Debug */,
				200C7DE81EC52A3D008C42C4 /* Release */,
			);
			defaultConfigurationIsVisible = 0;
			defaultConfigurationName = Release;
		};
		200C7DE91EC52A3D008C42C4 /* Build configuration list for PBXNativeTarget "Traveler" */ = {
			isa = XCConfigurationList;
			buildConfigurations = (
				200C7DEA1EC52A3D008C42C4 /* Debug */,
				200C7DEB1EC52A3D008C42C4 /* Release */,
			);
			defaultConfigurationIsVisible = 0;
			defaultConfigurationName = Release;
		};
/* End XCConfigurationList section */

/* Begin XCVersionGroup section */
		200C7DDE1EC52A3D008C42C4 /* Traveler.xcdatamodeld */ = {
			isa = XCVersionGroup;
			children = (
				200C7DDF1EC52A3D008C42C4 /* Traveler.xcdatamodel */,
			);
			currentVersion = 200C7DDF1EC52A3D008C42C4 /* Traveler.xcdatamodel */;
			path = Traveler.xcdatamodeld;
			sourceTree = "<group>";
			versionGroupType = wrapper.xcdatamodel;
		};
/* End XCVersionGroup section */
	};
	rootObject = 200C7DCC1EC52A3D008C42C4 /* Project object */;
}
